
Microsoft Visual Studio Solution File, Format Version 12.00
# Visual Studio Version 17
VisualStudioVersion = 17.11.35222.181
MinimumVisualStudioVersion = 10.0.40219.1
Project("{FAE04EC0-301F-11D3-BF4B-00C04F79EFBC}") = "Freelance_Platform", "Freelance_Platform.csproj", "{67F71A90-F1A2-4DC7-A690-9A8265283F75}"
EndProject
Global
	GlobalSection(SolutionConfigurationPlatforms) = preSolution
		Debug|Any CPU = Debug|Any CPU
		Release|Any CPU = Release|Any CPU
	EndGlobalSection
	GlobalSection(ProjectConfigurationPlatforms) = postSolution
		{67F71A90-F1A2-4DC7-A690-9A8265283F75}.Debug|Any CPU.ActiveCfg = Debug|Any CPU
		{67F71A90-F1A2-4DC7-A690-9A8265283F75}.Debug|Any CPU.Build.0 = Debug|Any CPU
		{67F71A90-F1A2-4DC7-A690-9A8265283F75}.Release|Any CPU.ActiveCfg = Release|Any CPU
		{67F71A90-F1A2-4DC7-A690-9A8265283F75}.Release|Any CPU.Build.0 = Release|Any CPU
	EndGlobalSection
	GlobalSection(SolutionProperties) = preSolution
		HideSolutionNode = FALSE
	EndGlobalSection
	GlobalSection(ExtensibilityGlobals) = postSolution
		SolutionGuid = {B31093A4-042E-4E29-9F28-B055DB7392A8}
	EndGlobalSection
EndGlobal
